
Microsoft Visual Studio Solution File, Format Version 12.00
# Visual Studio 15
VisualStudioVersion = 15.0.28307.572
MinimumVisualStudioVersion = 10.0.40219.1
Project("{FAE04EC0-301F-11D3-BF4B-00C04F79EFBC}") = "BombPlane_Client", "BombPlane_Client\BombPlane_Client.csproj", "{C281FBC5-C252-47E5-85FF-AD0AD16EDB51}"
EndProject
Global
	GlobalSection(SolutionConfigurationPlatforms) = preSolution
		Debug|Any CPU = Debug|Any CPU
		Release|Any CPU = Release|Any CPU
	EndGlobalSection
	GlobalSection(ProjectConfigurationPlatforms) = postSolution
		{C281FBC5-C252-47E5-85FF-AD0AD16EDB51}.Debug|Any CPU.ActiveCfg = Debug|Any CPU
		{C281FBC5-C252-47E5-85FF-AD0AD16EDB51}.Debug|Any CPU.Build.0 = Debug|Any CPU
		{C281FBC5-C252-47E5-85FF-AD0AD16EDB51}.Release|Any CPU.ActiveCfg = Release|Any CPU
		{C281FBC5-C252-47E5-85FF-AD0AD16EDB51}.Release|Any CPU.Build.0 = Release|Any CPU
	EndGlobalSection
	GlobalSection(SolutionProperties) = preSolution
		HideSolutionNode = FALSE
	EndGlobalSection
	GlobalSection(ExtensibilityGlobals) = postSolution
		SolutionGuid = {A80E65C4-BA3A-40DD-8E00-0B2D744103CC}
	EndGlobalSection
EndGlobal
